
Microsoft Visual Studio Solution File, Format Version 12.00
# Visual Studio 15
VisualStudioVersion = 15.0.28010.2050
MinimumVisualStudioVersion = 10.0.40219.1
Project("{FAE04EC0-301F-11D3-BF4B-00C04F79EFBC}") = "GenerateQRCodeBarCode", "GenerateQRCodeBarCode\GenerateQRCodeBarCode.csproj", "{382D4480-E9B5-414C-AE62-9DC67222B22A}"
EndProject
Global
	GlobalSection(SolutionConfigurationPlatforms) = preSolution
		Debug|Any CPU = Debug|Any CPU
		Release|Any CPU = Release|Any CPU
	EndGlobalSection
	GlobalSection(ProjectConfigurationPlatforms) = postSolution
		{382D4480-E9B5-414C-AE62-9DC67222B22A}.Debug|Any CPU.ActiveCfg = Debug|Any CPU
		{382D4480-E9B5-414C-AE62-9DC67222B22A}.Debug|Any CPU.Build.0 = Debug|Any CPU
		{382D4480-E9B5-414C-AE62-9DC67222B22A}.Release|Any CPU.ActiveCfg = Release|Any CPU
		{382D4480-E9B5-414C-AE62-9DC67222B22A}.Release|Any CPU.Build.0 = Release|Any CPU
	EndGlobalSection
	GlobalSection(SolutionProperties) = preSolution
		HideSolutionNode = FALSE
	EndGlobalSection
	GlobalSection(ExtensibilityGlobals) = postSolution
		SolutionGuid = {D6855EEC-4DAC-459A-B790-C68BBDC7C503}
	EndGlobalSection
EndGlobal
